
Microsoft Visual Studio Solution File, Format Version 12.00
# Visual Studio Version 17
VisualStudioVersion = 17.0.31903.59
MinimumVisualStudioVersion = 10.0.40219.1
Project("{9A19103F-16F7-4668-BE54-9A1E7A4F7556}") = "Reactivities.API", "API\Reactivities.API.csproj", "{AF3D5983-0413-42A1-88F4-9216E93E7BBF}"
EndProject
Project("{9A19103F-16F7-4668-BE54-9A1E7A4F7556}") = "Reactivities.Services", "Application\Reactivities.Services.csproj", "{E7C59CF3-63F9-4E9F-AB19-ED859CF4AB2B}"
EndProject
Project("{9A19103F-16F7-4668-BE54-9A1E7A4F7556}") = "Reactivities.Entity", "Domain\Reactivities.Entity.csproj", "{0B8C6D50-ADDA-4A38-8C49-65A2D99B24ED}"
EndProject
Project("{9A19103F-16F7-4668-BE54-9A1E7A4F7556}") = "Reactivities.Database", "Persistence\Reactivities.Database.csproj", "{873C8426-B2A9-49E1-B789-A045AA213B80}"
EndProject
Project("{9A19103F-16F7-4668-BE54-9A1E7A4F7556}") = "Reactivities.Utils", "Utils\Reactivities.Utils.csproj", "{9BE04CE2-7C2C-4CDB-8905-46FCA7A4FAF0}"
EndProject
Project("{FAE04EC0-301F-11D3-BF4B-00C04F79EFBC}") = "Reactivities.Services.Interface", "Reactivities.Services.Interface\Reactivities.Services.Interface.csproj", "{2CC014DD-B6F6-4148-9C77-98D9D5C38845}"
EndProject
Project("{FAE04EC0-301F-11D3-BF4B-00C04F79EFBC}") = "Reactivities.Repository", "Reactivities.Repository\Reactivities.Repository.csproj", "{484D7E6F-7141-4062-B952-376C1029C641}"
	ProjectSection(ProjectDependencies) = postProject
		{9BE04CE2-7C2C-4CDB-8905-46FCA7A4FAF0} = {9BE04CE2-7C2C-4CDB-8905-46FCA7A4FAF0}
	EndProjectSection
EndProject
Project("{FAE04EC0-301F-11D3-BF4B-00C04F79EFBC}") = "Reactivities.Repository.Interface", "Reactivities.Repository.Interface\Reactivities.Repository.Interface.csproj", "{7A66E7F0-D031-45B9-9534-BA20783B5E5C}"
EndProject
Project("{FAE04EC0-301F-11D3-BF4B-00C04F79EFBC}") = "Reactivities.Dtos", "Reactivities.Dtos\Reactivities.Dtos.csproj", "{E1589F54-11D7-4B6F-9C18-64F5EFCAAD63}"
EndProject
Global
	GlobalSection(SolutionConfigurationPlatforms) = preSolution
		Debug|Any CPU = Debug|Any CPU
		Release|Any CPU = Release|Any CPU
	EndGlobalSection
	GlobalSection(ProjectConfigurationPlatforms) = postSolution
		{AF3D5983-0413-42A1-88F4-9216E93E7BBF}.Debug|Any CPU.ActiveCfg = Debug|Any CPU
		{AF3D5983-0413-42A1-88F4-9216E93E7BBF}.Debug|Any CPU.Build.0 = Debug|Any CPU
		{AF3D5983-0413-42A1-88F4-9216E93E7BBF}.Release|Any CPU.ActiveCfg = Release|Any CPU
		{AF3D5983-0413-42A1-88F4-9216E93E7BBF}.Release|Any CPU.Build.0 = Release|Any CPU
		{E7C59CF3-63F9-4E9F-AB19-ED859CF4AB2B}.Debug|Any CPU.ActiveCfg = Debug|Any CPU
		{E7C59CF3-63F9-4E9F-AB19-ED859CF4AB2B}.Debug|Any CPU.Build.0 = Debug|Any CPU
		{E7C59CF3-63F9-4E9F-AB19-ED859CF4AB2B}.Release|Any CPU.ActiveCfg = Release|Any CPU
		{E7C59CF3-63F9-4E9F-AB19-ED859CF4AB2B}.Release|Any CPU.Build.0 = Release|Any CPU
		{0B8C6D50-ADDA-4A38-8C49-65A2D99B24ED}.Debug|Any CPU.ActiveCfg = Debug|Any CPU
		{0B8C6D50-ADDA-4A38-8C49-65A2D99B24ED}.Debug|Any CPU.Build.0 = Debug|Any CPU
		{0B8C6D50-ADDA-4A38-8C49-65A2D99B24ED}.Release|Any CPU.ActiveCfg = Release|Any CPU
		{0B8C6D50-ADDA-4A38-8C49-65A2D99B24ED}.Release|Any CPU.Build.0 = Release|Any CPU
		{873C8426-B2A9-49E1-B789-A045AA213B80}.Debug|Any CPU.ActiveCfg = Debug|Any CPU
		{873C8426-B2A9-49E1-B789-A045AA213B80}.Debug|Any CPU.Build.0 = Debug|Any CPU
		{873C8426-B2A9-49E1-B789-A045AA213B80}.Release|Any CPU.ActiveCfg = Release|Any CPU
		{873C8426-B2A9-49E1-B789-A045AA213B80}.Release|Any CPU.Build.0 = Release|Any CPU
		{9BE04CE2-7C2C-4CDB-8905-46FCA7A4FAF0}.Debug|Any CPU.ActiveCfg = Debug|Any CPU
		{9BE04CE2-7C2C-4CDB-8905-46FCA7A4FAF0}.Debug|Any CPU.Build.0 = Debug|Any CPU
		{9BE04CE2-7C2C-4CDB-8905-46FCA7A4FAF0}.Release|Any CPU.ActiveCfg = Release|Any CPU
		{9BE04CE2-7C2C-4CDB-8905-46FCA7A4FAF0}.Release|Any CPU.Build.0 = Release|Any CPU
		{2CC014DD-B6F6-4148-9C77-98D9D5C38845}.Debug|Any CPU.ActiveCfg = Debug|Any CPU
		{2CC014DD-B6F6-4148-9C77-98D9D5C38845}.Debug|Any CPU.Build.0 = Debug|Any CPU
		{2CC014DD-B6F6-4148-9C77-98D9D5C38845}.Release|Any CPU.ActiveCfg = Release|Any CPU
		{2CC014DD-B6F6-4148-9C77-98D9D5C38845}.Release|Any CPU.Build.0 = Release|Any CPU
		{484D7E6F-7141-4062-B952-376C1029C641}.Debug|Any CPU.ActiveCfg = Debug|Any CPU
		{484D7E6F-7141-4062-B952-376C1029C641}.Debug|Any CPU.Build.0 = Debug|Any CPU
		{484D7E6F-7141-4062-B952-376C1029C641}.Release|Any CPU.ActiveCfg = Release|Any CPU
		{484D7E6F-7141-4062-B952-376C1029C641}.Release|Any CPU.Build.0 = Release|Any CPU
		{7A66E7F0-D031-45B9-9534-BA20783B5E5C}.Debug|Any CPU.ActiveCfg = Debug|Any CPU
		{7A66E7F0-D031-45B9-9534-BA20783B5E5C}.Debug|Any CPU.Build.0 = Debug|Any CPU
		{7A66E7F0-D031-45B9-9534-BA20783B5E5C}.Release|Any CPU.ActiveCfg = Release|Any CPU
		{7A66E7F0-D031-45B9-9534-BA20783B5E5C}.Release|Any CPU.Build.0 = Release|Any CPU
		{E1589F54-11D7-4B6F-9C18-64F5EFCAAD63}.Debug|Any CPU.ActiveCfg = Debug|Any CPU
		{E1589F54-11D7-4B6F-9C18-64F5EFCAAD63}.Debug|Any CPU.Build.0 = Debug|Any CPU
		{E1589F54-11D7-4B6F-9C18-64F5EFCAAD63}.Release|Any CPU.ActiveCfg = Release|Any CPU
		{E1589F54-11D7-4B6F-9C18-64F5EFCAAD63}.Release|Any CPU.Build.0 = Release|Any CPU
	EndGlobalSection
	GlobalSection(SolutionProperties) = preSolution
		HideSolutionNode = FALSE
	EndGlobalSection
	GlobalSection(ExtensibilityGlobals) = postSolution
		SolutionGuid = {8188C1A7-EA73-4963-B0D4-CE0E6189315C}
	EndGlobalSection
EndGlobal
