
Microsoft Visual Studio Solution File, Format Version 12.00
# Visual Studio Version 17
VisualStudioVersion = 17.0.31903.59
MinimumVisualStudioVersion = 10.0.40219.1
Project("{9A19103F-16F7-4668-BE54-9A1E7A4F7556}") = "Reactivities.Services.Interface", "Reactivities.Services.Interface\Reactivities.Services.Interface.csproj", "{2CC014DD-B6F6-4148-9C77-98D9D5C38845}"
EndProject
Project("{9A19103F-16F7-4668-BE54-9A1E7A4F7556}") = "Reactivities.Repository", "Reactivities.Repository\Reactivities.Repository.csproj", "{484D7E6F-7141-4062-B952-376C1029C641}"
EndProject
Project("{9A19103F-16F7-4668-BE54-9A1E7A4F7556}") = "Reactivities.Repository.Interface", "Reactivities.Repository.Interface\Reactivities.Repository.Interface.csproj", "{7A66E7F0-D031-45B9-9534-BA20783B5E5C}"
EndProject
Project("{9A19103F-16F7-4668-BE54-9A1E7A4F7556}") = "Reactivities.Dtos", "Reactivities.Dtos\Reactivities.Dtos.csproj", "{E1589F54-11D7-4B6F-9C18-64F5EFCAAD63}"
EndProject
Project("{9A19103F-16F7-4668-BE54-9A1E7A4F7556}") = "Reactivities.API", "Reactivities.API\Reactivities.API.csproj", "{2F2924A3-7C91-4BD1-928F-A62AB1EA3750}"
EndProject
Project("{9A19103F-16F7-4668-BE54-9A1E7A4F7556}") = "Reactivities.Database", "Reactivities.Database\Reactivities.Database.csproj", "{1EC7EC51-05B4-4719-9A77-E707AF054AB0}"
	ProjectSection(ProjectDependencies) = postProject
		{D833603F-BF26-44F6-8737-43B3FAAD27DA} = {D833603F-BF26-44F6-8737-43B3FAAD27DA}
		{E1589F54-11D7-4B6F-9C18-64F5EFCAAD63} = {E1589F54-11D7-4B6F-9C18-64F5EFCAAD63}
	EndProjectSection
EndProject
Project("{9A19103F-16F7-4668-BE54-9A1E7A4F7556}") = "Reactivities.Entity", "Reactivities.Entity\Reactivities.Entity.csproj", "{D833603F-BF26-44F6-8737-43B3FAAD27DA}"
EndProject
Project("{9A19103F-16F7-4668-BE54-9A1E7A4F7556}") = "Reactivities.Services", "Reactivities.Services\Reactivities.Services.csproj", "{049C962C-DE30-4CF5-BB78-C2B7F4D11BEC}"
	ProjectSection(ProjectDependencies) = postProject
		{2CC014DD-B6F6-4148-9C77-98D9D5C38845} = {2CC014DD-B6F6-4148-9C77-98D9D5C38845}
		{7A66E7F0-D031-45B9-9534-BA20783B5E5C} = {7A66E7F0-D031-45B9-9534-BA20783B5E5C}
	EndProjectSection
EndProject
Project("{9A19103F-16F7-4668-BE54-9A1E7A4F7556}") = "Reactivities.Utils", "Reactivities.Utils\Reactivities.Utils.csproj", "{F82CBADC-1BF2-477A-81F8-E3DE885455EC}"
EndProject
Global
	GlobalSection(SolutionConfigurationPlatforms) = preSolution
		Debug|Any CPU = Debug|Any CPU
		Release|Any CPU = Release|Any CPU
	EndGlobalSection
	GlobalSection(ProjectConfigurationPlatforms) = postSolution
		{2CC014DD-B6F6-4148-9C77-98D9D5C38845}.Debug|Any CPU.ActiveCfg = Debug|Any CPU
		{2CC014DD-B6F6-4148-9C77-98D9D5C38845}.Debug|Any CPU.Build.0 = Debug|Any CPU
		{2CC014DD-B6F6-4148-9C77-98D9D5C38845}.Release|Any CPU.ActiveCfg = Release|Any CPU
		{2CC014DD-B6F6-4148-9C77-98D9D5C38845}.Release|Any CPU.Build.0 = Release|Any CPU
		{484D7E6F-7141-4062-B952-376C1029C641}.Debug|Any CPU.ActiveCfg = Debug|Any CPU
		{484D7E6F-7141-4062-B952-376C1029C641}.Debug|Any CPU.Build.0 = Debug|Any CPU
		{484D7E6F-7141-4062-B952-376C1029C641}.Release|Any CPU.ActiveCfg = Release|Any CPU
		{484D7E6F-7141-4062-B952-376C1029C641}.Release|Any CPU.Build.0 = Release|Any CPU
		{7A66E7F0-D031-45B9-9534-BA20783B5E5C}.Debug|Any CPU.ActiveCfg = Debug|Any CPU
		{7A66E7F0-D031-45B9-9534-BA20783B5E5C}.Debug|Any CPU.Build.0 = Debug|Any CPU
		{7A66E7F0-D031-45B9-9534-BA20783B5E5C}.Release|Any CPU.ActiveCfg = Release|Any CPU
		{7A66E7F0-D031-45B9-9534-BA20783B5E5C}.Release|Any CPU.Build.0 = Release|Any CPU
		{E1589F54-11D7-4B6F-9C18-64F5EFCAAD63}.Debug|Any CPU.ActiveCfg = Debug|Any CPU
		{E1589F54-11D7-4B6F-9C18-64F5EFCAAD63}.Debug|Any CPU.Build.0 = Debug|Any CPU
		{E1589F54-11D7-4B6F-9C18-64F5EFCAAD63}.Release|Any CPU.ActiveCfg = Release|Any CPU
		{E1589F54-11D7-4B6F-9C18-64F5EFCAAD63}.Release|Any CPU.Build.0 = Release|Any CPU
		{2F2924A3-7C91-4BD1-928F-A62AB1EA3750}.Debug|Any CPU.ActiveCfg = Debug|Any CPU
		{2F2924A3-7C91-4BD1-928F-A62AB1EA3750}.Debug|Any CPU.Build.0 = Debug|Any CPU
		{2F2924A3-7C91-4BD1-928F-A62AB1EA3750}.Release|Any CPU.ActiveCfg = Release|Any CPU
		{2F2924A3-7C91-4BD1-928F-A62AB1EA3750}.Release|Any CPU.Build.0 = Release|Any CPU
		{1EC7EC51-05B4-4719-9A77-E707AF054AB0}.Debug|Any CPU.ActiveCfg = Debug|Any CPU
		{1EC7EC51-05B4-4719-9A77-E707AF054AB0}.Debug|Any CPU.Build.0 = Debug|Any CPU
		{1EC7EC51-05B4-4719-9A77-E707AF054AB0}.Release|Any CPU.ActiveCfg = Release|Any CPU
		{1EC7EC51-05B4-4719-9A77-E707AF054AB0}.Release|Any CPU.Build.0 = Release|Any CPU
		{D833603F-BF26-44F6-8737-43B3FAAD27DA}.Debug|Any CPU.ActiveCfg = Debug|Any CPU
		{D833603F-BF26-44F6-8737-43B3FAAD27DA}.Debug|Any CPU.Build.0 = Debug|Any CPU
		{D833603F-BF26-44F6-8737-43B3FAAD27DA}.Release|Any CPU.ActiveCfg = Release|Any CPU
		{D833603F-BF26-44F6-8737-43B3FAAD27DA}.Release|Any CPU.Build.0 = Release|Any CPU
		{049C962C-DE30-4CF5-BB78-C2B7F4D11BEC}.Debug|Any CPU.ActiveCfg = Debug|Any CPU
		{049C962C-DE30-4CF5-BB78-C2B7F4D11BEC}.Debug|Any CPU.Build.0 = Debug|Any CPU
		{049C962C-DE30-4CF5-BB78-C2B7F4D11BEC}.Release|Any CPU.ActiveCfg = Release|Any CPU
		{049C962C-DE30-4CF5-BB78-C2B7F4D11BEC}.Release|Any CPU.Build.0 = Release|Any CPU
		{F82CBADC-1BF2-477A-81F8-E3DE885455EC}.Debug|Any CPU.ActiveCfg = Debug|Any CPU
		{F82CBADC-1BF2-477A-81F8-E3DE885455EC}.Debug|Any CPU.Build.0 = Debug|Any CPU
		{F82CBADC-1BF2-477A-81F8-E3DE885455EC}.Release|Any CPU.ActiveCfg = Release|Any CPU
		{F82CBADC-1BF2-477A-81F8-E3DE885455EC}.Release|Any CPU.Build.0 = Release|Any CPU
	EndGlobalSection
	GlobalSection(SolutionProperties) = preSolution
		HideSolutionNode = FALSE
	EndGlobalSection
	GlobalSection(ExtensibilityGlobals) = postSolution
		SolutionGuid = {8188C1A7-EA73-4963-B0D4-CE0E6189315C}
	EndGlobalSection
EndGlobal
